// !$*UTF8*$!
{
	archiveVersion = 1;
	classes = {
	};
	objectVersion = 50;
	objects = {

/* Begin PBXBuildFile section */
		E31E36A3211E4A5B009E22EE /* PresentationManager.swift in Sources */ = {isa = PBXBuildFile; fileRef = E31E36A2211E4A5B009E22EE /* PresentationManager.swift */; };
		E31E36A5211E4ABA009E22EE /* PresentationController.swift in Sources */ = {isa = PBXBuildFile; fileRef = E31E36A4211E4ABA009E22EE /* PresentationController.swift */; };
		E31E36A7211E4CC3009E22EE /* PresentationAnimator.swift in Sources */ = {isa = PBXBuildFile; fileRef = E31E36A6211E4CC3009E22EE /* PresentationAnimator.swift */; };
		E3C0E8F22119209200836701 /* CreateEntryViewController.swift in Sources */ = {isa = PBXBuildFile; fileRef = E3C0E8F12119209200836701 /* CreateEntryViewController.swift */; };
		E3FFCEF32116170700E098EE /* AppDelegate.swift in Sources */ = {isa = PBXBuildFile; fileRef = E3FFCEF22116170700E098EE /* AppDelegate.swift */; };
		E3FFCEF82116170700E098EE /* Main.storyboard in Resources */ = {isa = PBXBuildFile; fileRef = E3FFCEF62116170700E098EE /* Main.storyboard */; };
		E3FFCEFA2116170800E098EE /* Assets.xcassets in Resources */ = {isa = PBXBuildFile; fileRef = E3FFCEF92116170800E098EE /* Assets.xcassets */; };
		E3FFCEFD2116170800E098EE /* LaunchScreen.storyboard in Resources */ = {isa = PBXBuildFile; fileRef = E3FFCEFB2116170800E098EE /* LaunchScreen.storyboard */; };
		E3FFCF082116170800E098EE /* TenZenAppTests.swift in Sources */ = {isa = PBXBuildFile; fileRef = E3FFCF072116170800E098EE /* TenZenAppTests.swift */; };
		E3FFCF132116170800E098EE /* TenZenAppUITests.swift in Sources */ = {isa = PBXBuildFile; fileRef = E3FFCF122116170800E098EE /* TenZenAppUITests.swift */; };
		E3FFCF23211618B400E098EE /* DetailEntryViewController.swift in Sources */ = {isa = PBXBuildFile; fileRef = E3FFCF22211618B400E098EE /* DetailEntryViewController.swift */; };
		E3FFCF252116190400E098EE /* EntryListViewController.swift in Sources */ = {isa = PBXBuildFile; fileRef = E3FFCF242116190400E098EE /* EntryListViewController.swift */; };
		E3FFCF2721161A9D00E098EE /* EntryCollectionDataSource.swift in Sources */ = {isa = PBXBuildFile; fileRef = E3FFCF2621161A9D00E098EE /* EntryCollectionDataSource.swift */; };
		E3FFCF2921161C9100E098EE /* ViewModel.swift in Sources */ = {isa = PBXBuildFile; fileRef = E3FFCF2821161C9100E098EE /* ViewModel.swift */; };
		E3FFCF2B21161CB700E098EE /* JournalEntry.swift in Sources */ = {isa = PBXBuildFile; fileRef = E3FFCF2A21161CB700E098EE /* JournalEntry.swift */; };
		E3FFCF2D21166A8C00E098EE /* EntryCollectionViewCell.swift in Sources */ = {isa = PBXBuildFile; fileRef = E3FFCF2C21166A8C00E098EE /* EntryCollectionViewCell.swift */; };
/* End PBXBuildFile section */

/* Begin PBXContainerItemProxy section */
		E3FFCF042116170800E098EE /* PBXContainerItemProxy */ = {
			isa = PBXContainerItemProxy;
			containerPortal = E3FFCEE72116170600E098EE /* Project object */;
			proxyType = 1;
			remoteGlobalIDString = E3FFCEEE2116170700E098EE;
			remoteInfo = TenZenApp;
		};
		E3FFCF0F2116170800E098EE /* PBXContainerItemProxy */ = {
			isa = PBXContainerItemProxy;
			containerPortal = E3FFCEE72116170600E098EE /* Project object */;
			proxyType = 1;
			remoteGlobalIDString = E3FFCEEE2116170700E098EE;
			remoteInfo = TenZenApp;
		};
/* End PBXContainerItemProxy section */

/* Begin PBXFileReference section */
		E31E36A2211E4A5B009E22EE /* PresentationManager.swift */ = {isa = PBXFileReference; lastKnownFileType = sourcecode.swift; path = PresentationManager.swift; sourceTree = "<group>"; };
		E31E36A4211E4ABA009E22EE /* PresentationController.swift */ = {isa = PBXFileReference; lastKnownFileType = sourcecode.swift; path = PresentationController.swift; sourceTree = "<group>"; };
		E31E36A6211E4CC3009E22EE /* PresentationAnimator.swift */ = {isa = PBXFileReference; lastKnownFileType = sourcecode.swift; path = PresentationAnimator.swift; sourceTree = "<group>"; };
		E3C0E8F12119209200836701 /* CreateEntryViewController.swift */ = {isa = PBXFileReference; lastKnownFileType = sourcecode.swift; path = CreateEntryViewController.swift; sourceTree = "<group>"; };
		E3FFCEEF2116170700E098EE /* TenZenApp.app */ = {isa = PBXFileReference; explicitFileType = wrapper.application; includeInIndex = 0; path = TenZenApp.app; sourceTree = BUILT_PRODUCTS_DIR; };
		E3FFCEF22116170700E098EE /* AppDelegate.swift */ = {isa = PBXFileReference; lastKnownFileType = sourcecode.swift; path = AppDelegate.swift; sourceTree = "<group>"; };
		E3FFCEF72116170700E098EE /* Base */ = {isa = PBXFileReference; lastKnownFileType = file.storyboard; name = Base; path = Base.lproj/Main.storyboard; sourceTree = "<group>"; };
		E3FFCEF92116170800E098EE /* Assets.xcassets */ = {isa = PBXFileReference; lastKnownFileType = folder.assetcatalog; path = Assets.xcassets; sourceTree = "<group>"; };
		E3FFCEFC2116170800E098EE /* Base */ = {isa = PBXFileReference; lastKnownFileType = file.storyboard; name = Base; path = Base.lproj/LaunchScreen.storyboard; sourceTree = "<group>"; };
		E3FFCEFE2116170800E098EE /* Info.plist */ = {isa = PBXFileReference; lastKnownFileType = text.plist.xml; path = Info.plist; sourceTree = "<group>"; };
		E3FFCF032116170800E098EE /* TenZenAppTests.xctest */ = {isa = PBXFileReference; explicitFileType = wrapper.cfbundle; includeInIndex = 0; path = TenZenAppTests.xctest; sourceTree = BUILT_PRODUCTS_DIR; };
		E3FFCF072116170800E098EE /* TenZenAppTests.swift */ = {isa = PBXFileReference; lastKnownFileType = sourcecode.swift; path = TenZenAppTests.swift; sourceTree = "<group>"; };
		E3FFCF092116170800E098EE /* Info.plist */ = {isa = PBXFileReference; lastKnownFileType = text.plist.xml; path = Info.plist; sourceTree = "<group>"; };
		E3FFCF0E2116170800E098EE /* TenZenAppUITests.xctest */ = {isa = PBXFileReference; explicitFileType = wrapper.cfbundle; includeInIndex = 0; path = TenZenAppUITests.xctest; sourceTree = BUILT_PRODUCTS_DIR; };
		E3FFCF122116170800E098EE /* TenZenAppUITests.swift */ = {isa = PBXFileReference; lastKnownFileType = sourcecode.swift; path = TenZenAppUITests.swift; sourceTree = "<group>"; };
		E3FFCF142116170900E098EE /* Info.plist */ = {isa = PBXFileReference; lastKnownFileType = text.plist.xml; path = Info.plist; sourceTree = "<group>"; };
		E3FFCF22211618B400E098EE /* DetailEntryViewController.swift */ = {isa = PBXFileReference; lastKnownFileType = sourcecode.swift; path = DetailEntryViewController.swift; sourceTree = "<group>"; };
		E3FFCF242116190400E098EE /* EntryListViewController.swift */ = {isa = PBXFileReference; lastKnownFileType = sourcecode.swift; path = EntryListViewController.swift; sourceTree = "<group>"; };
		E3FFCF2621161A9D00E098EE /* EntryCollectionDataSource.swift */ = {isa = PBXFileReference; lastKnownFileType = sourcecode.swift; path = EntryCollectionDataSource.swift; sourceTree = "<group>"; };
		E3FFCF2821161C9100E098EE /* ViewModel.swift */ = {isa = PBXFileReference; lastKnownFileType = sourcecode.swift; path = ViewModel.swift; sourceTree = "<group>"; };
		E3FFCF2A21161CB700E098EE /* JournalEntry.swift */ = {isa = PBXFileReference; lastKnownFileType = sourcecode.swift; path = JournalEntry.swift; sourceTree = "<group>"; };
		E3FFCF2C21166A8C00E098EE /* EntryCollectionViewCell.swift */ = {isa = PBXFileReference; lastKnownFileType = sourcecode.swift; path = EntryCollectionViewCell.swift; sourceTree = "<group>"; };
/* End PBXFileReference section */

/* Begin PBXFrameworksBuildPhase section */
		E3FFCEEC2116170700E098EE /* Frameworks */ = {
			isa = PBXFrameworksBuildPhase;
			buildActionMask = 2147483647;
			files = (
			);
			runOnlyForDeploymentPostprocessing = 0;
		};
		E3FFCF002116170800E098EE /* Frameworks */ = {
			isa = PBXFrameworksBuildPhase;
			buildActionMask = 2147483647;
			files = (
			);
			runOnlyForDeploymentPostprocessing = 0;
		};
		E3FFCF0B2116170800E098EE /* Frameworks */ = {
			isa = PBXFrameworksBuildPhase;
			buildActionMask = 2147483647;
			files = (
			);
			runOnlyForDeploymentPostprocessing = 0;
		};
/* End PBXFrameworksBuildPhase section */

/* Begin PBXGroup section */
		E31E36A1211E4A1C009E22EE /* Presentation */ = {
			isa = PBXGroup;
			children = (
				E31E36A2211E4A5B009E22EE /* PresentationManager.swift */,
				E31E36A4211E4ABA009E22EE /* PresentationController.swift */,
				E31E36A6211E4CC3009E22EE /* PresentationAnimator.swift */,
			);
			path = Presentation;
			sourceTree = "<group>";
		};
		E3FFCEE62116170600E098EE = {
			isa = PBXGroup;
			children = (
				E3FFCEF12116170700E098EE /* TenZenApp */,
				E3FFCF062116170800E098EE /* TenZenAppTests */,
				E3FFCF112116170800E098EE /* TenZenAppUITests */,
				E3FFCEF02116170700E098EE /* Products */,
			);
			sourceTree = "<group>";
		};
		E3FFCEF02116170700E098EE /* Products */ = {
			isa = PBXGroup;
			children = (
				E3FFCEEF2116170700E098EE /* TenZenApp.app */,
				E3FFCF032116170800E098EE /* TenZenAppTests.xctest */,
				E3FFCF0E2116170800E098EE /* TenZenAppUITests.xctest */,
			);
			name = Products;
			sourceTree = "<group>";
		};
		E3FFCEF12116170700E098EE /* TenZenApp */ = {
			isa = PBXGroup;
			children = (
				E31E36A1211E4A1C009E22EE /* Presentation */,
				E3FFCEF22116170700E098EE /* AppDelegate.swift */,
				E3FFCF242116190400E098EE /* EntryListViewController.swift */,
				E3C0E8F12119209200836701 /* CreateEntryViewController.swift */,
				E3FFCF22211618B400E098EE /* DetailEntryViewController.swift */,
				E3FFCF2621161A9D00E098EE /* EntryCollectionDataSource.swift */,
				E3FFCF2821161C9100E098EE /* ViewModel.swift */,
				E3FFCF2A21161CB700E098EE /* JournalEntry.swift */,
				E3FFCF2C21166A8C00E098EE /* EntryCollectionViewCell.swift */,
				E3FFCEF62116170700E098EE /* Main.storyboard */,
				E3FFCEF92116170800E098EE /* Assets.xcassets */,
				E3FFCEFB2116170800E098EE /* LaunchScreen.storyboard */,
				E3FFCEFE2116170800E098EE /* Info.plist */,
			);
			path = TenZenApp;
			sourceTree = "<group>";
		};
		E3FFCF062116170800E098EE /* TenZenAppTests */ = {
			isa = PBXGroup;
			children = (
				E3FFCF072116170800E098EE /* TenZenAppTests.swift */,
				E3FFCF092116170800E098EE /* Info.plist */,
			);
			path = TenZenAppTests;
			sourceTree = "<group>";
		};
		E3FFCF112116170800E098EE /* TenZenAppUITests */ = {
			isa = PBXGroup;
			children = (
				E3FFCF122116170800E098EE /* TenZenAppUITests.swift */,
				E3FFCF142116170900E098EE /* Info.plist */,
			);
			path = TenZenAppUITests;
			sourceTree = "<group>";
		};
/* End PBXGroup section */

/* Begin PBXNativeTarget section */
		E3FFCEEE2116170700E098EE /* TenZenApp */ = {
			isa = PBXNativeTarget;
			buildConfigurationList = E3FFCF172116170900E098EE /* Build configuration list for PBXNativeTarget "TenZenApp" */;
			buildPhases = (
				E3FFCEEB2116170700E098EE /* Sources */,
				E3FFCEEC2116170700E098EE /* Frameworks */,
				E3FFCEED2116170700E098EE /* Resources */,
			);
			buildRules = (
			);
			dependencies = (
			);
			name = TenZenApp;
			productName = TenZenApp;
			productReference = E3FFCEEF2116170700E098EE /* TenZenApp.app */;
			productType = "com.apple.product-type.application";
		};
		E3FFCF022116170800E098EE /* TenZenAppTests */ = {
			isa = PBXNativeTarget;
			buildConfigurationList = E3FFCF1A2116170900E098EE /* Build configuration list for PBXNativeTarget "TenZenAppTests" */;
			buildPhases = (
				E3FFCEFF2116170800E098EE /* Sources */,
				E3FFCF002116170800E098EE /* Frameworks */,
				E3FFCF012116170800E098EE /* Resources */,
			);
			buildRules = (
			);
			dependencies = (
				E3FFCF052116170800E098EE /* PBXTargetDependency */,
			);
			name = TenZenAppTests;
			productName = TenZenAppTests;
			productReference = E3FFCF032116170800E098EE /* TenZenAppTests.xctest */;
			productType = "com.apple.product-type.bundle.unit-test";
		};
		E3FFCF0D2116170800E098EE /* TenZenAppUITests */ = {
			isa = PBXNativeTarget;
			buildConfigurationList = E3FFCF1D2116170900E098EE /* Build configuration list for PBXNativeTarget "TenZenAppUITests" */;
			buildPhases = (
				E3FFCF0A2116170800E098EE /* Sources */,
				E3FFCF0B2116170800E098EE /* Frameworks */,
				E3FFCF0C2116170800E098EE /* Resources */,
			);
			buildRules = (
			);
			dependencies = (
				E3FFCF102116170800E098EE /* PBXTargetDependency */,
			);
			name = TenZenAppUITests;
			productName = TenZenAppUITests;
			productReference = E3FFCF0E2116170800E098EE /* TenZenAppUITests.xctest */;
			productType = "com.apple.product-type.bundle.ui-testing";
		};
/* End PBXNativeTarget section */

/* Begin PBXProject section */
		E3FFCEE72116170600E098EE /* Project object */ = {
			isa = PBXProject;
			attributes = {
				LastSwiftUpdateCheck = 0940;
				LastUpgradeCheck = 0940;
				ORGANIZATIONNAME = "Bereket Ghebremedhin ";
				TargetAttributes = {
					E3FFCEEE2116170700E098EE = {
						CreatedOnToolsVersion = 9.4.1;
					};
					E3FFCF022116170800E098EE = {
						CreatedOnToolsVersion = 9.4.1;
						TestTargetID = E3FFCEEE2116170700E098EE;
					};
					E3FFCF0D2116170800E098EE = {
						CreatedOnToolsVersion = 9.4.1;
						TestTargetID = E3FFCEEE2116170700E098EE;
					};
				};
			};
			buildConfigurationList = E3FFCEEA2116170600E098EE /* Build configuration list for PBXProject "TenZenApp" */;
			compatibilityVersion = "Xcode 9.3";
			developmentRegion = en;
			hasScannedForEncodings = 0;
			knownRegions = (
				en,
				Base,
			);
			mainGroup = E3FFCEE62116170600E098EE;
			productRefGroup = E3FFCEF02116170700E098EE /* Products */;
			projectDirPath = "";
			projectRoot = "";
			targets = (
				E3FFCEEE2116170700E098EE /* TenZenApp */,
				E3FFCF022116170800E098EE /* TenZenAppTests */,
				E3FFCF0D2116170800E098EE /* TenZenAppUITests */,
			);
		};
/* End PBXProject section */

/* Begin PBXResourcesBuildPhase section */
		E3FFCEED2116170700E098EE /* Resources */ = {
			isa = PBXResourcesBuildPhase;
			buildActionMask = 2147483647;
			files = (
				E3FFCEFD2116170800E098EE /* LaunchScreen.storyboard in Resources */,
				E3FFCEFA2116170800E098EE /* Assets.xcassets in Resources */,
				E3FFCEF82116170700E098EE /* Main.storyboard in Resources */,
			);
			runOnlyForDeploymentPostprocessing = 0;
		};
		E3FFCF012116170800E098EE /* Resources */ = {
			isa = PBXResourcesBuildPhase;
			buildActionMask = 2147483647;
			files = (
			);
			runOnlyForDeploymentPostprocessing = 0;
		};
		E3FFCF0C2116170800E098EE /* Resources */ = {
			isa = PBXResourcesBuildPhase;
			buildActionMask = 2147483647;
			files = (
			);
			runOnlyForDeploymentPostprocessing = 0;
		};
/* End PBXResourcesBuildPhase section */

/* Begin PBXSourcesBuildPhase section */
		E3FFCEEB2116170700E098EE /* Sources */ = {
			isa = PBXSourcesBuildPhase;
			buildActionMask = 2147483647;
			files = (
				E3FFCF2B21161CB700E098EE /* JournalEntry.swift in Sources */,
				E31E36A3211E4A5B009E22EE /* PresentationManager.swift in Sources */,
				E3FFCF2921161C9100E098EE /* ViewModel.swift in Sources */,
				E3FFCF23211618B400E098EE /* DetailEntryViewController.swift in Sources */,
				E31E36A7211E4CC3009E22EE /* PresentationAnimator.swift in Sources */,
				E3FFCEF32116170700E098EE /* AppDelegate.swift in Sources */,
				E3FFCF252116190400E098EE /* EntryListViewController.swift in Sources */,
				E3FFCF2D21166A8C00E098EE /* EntryCollectionViewCell.swift in Sources */,
				E3FFCF2721161A9D00E098EE /* EntryCollectionDataSource.swift in Sources */,
				E3C0E8F22119209200836701 /* CreateEntryViewController.swift in Sources */,
				E31E36A5211E4ABA009E22EE /* PresentationController.swift in Sources */,
			);
			runOnlyForDeploymentPostprocessing = 0;
		};
		E3FFCEFF2116170800E098EE /* Sources */ = {
			isa = PBXSourcesBuildPhase;
			buildActionMask = 2147483647;
			files = (
				E3FFCF082116170800E098EE /* TenZenAppTests.swift in Sources */,
			);
			runOnlyForDeploymentPostprocessing = 0;
		};
		E3FFCF0A2116170800E098EE /* Sources */ = {
			isa = PBXSourcesBuildPhase;
			buildActionMask = 2147483647;
			files = (
				E3FFCF132116170800E098EE /* TenZenAppUITests.swift in Sources */,
			);
			runOnlyForDeploymentPostprocessing = 0;
		};
/* End PBXSourcesBuildPhase section */

/* Begin PBXTargetDependency section */
		E3FFCF052116170800E098EE /* PBXTargetDependency */ = {
			isa = PBXTargetDependency;
			target = E3FFCEEE2116170700E098EE /* TenZenApp */;
			targetProxy = E3FFCF042116170800E098EE /* PBXContainerItemProxy */;
		};
		E3FFCF102116170800E098EE /* PBXTargetDependency */ = {
			isa = PBXTargetDependency;
			target = E3FFCEEE2116170700E098EE /* TenZenApp */;
			targetProxy = E3FFCF0F2116170800E098EE /* PBXContainerItemProxy */;
		};
/* End PBXTargetDependency section */

/* Begin PBXVariantGroup section */
		E3FFCEF62116170700E098EE /* Main.storyboard */ = {
			isa = PBXVariantGroup;
			children = (
				E3FFCEF72116170700E098EE /* Base */,
			);
			name = Main.storyboard;
			sourceTree = "<group>";
		};
		E3FFCEFB2116170800E098EE /* LaunchScreen.storyboard */ = {
			isa = PBXVariantGroup;
			children = (
				E3FFCEFC2116170800E098EE /* Base */,
			);
			name = LaunchScreen.storyboard;
			sourceTree = "<group>";
		};
/* End PBXVariantGroup section */

/* Begin XCBuildConfiguration section */
		E3FFCF152116170900E098EE /* Debug */ = {
			isa = XCBuildConfiguration;
			buildSettings = {
				ALWAYS_SEARCH_USER_PATHS = NO;
				CLANG_ANALYZER_NONNULL = YES;
				CLANG_ANALYZER_NUMBER_OBJECT_CONVERSION = YES_AGGRESSIVE;
				CLANG_CXX_LANGUAGE_STANDARD = "gnu++14";
				CLANG_CXX_LIBRARY = "libc++";
				CLANG_ENABLE_MODULES = YES;
				CLANG_ENABLE_OBJC_ARC = YES;
				CLANG_ENABLE_OBJC_WEAK = YES;
				CLANG_WARN_BLOCK_CAPTURE_AUTORELEASING = YES;
				CLANG_WARN_BOOL_CONVERSION = YES;
				CLANG_WARN_COMMA = YES;
				CLANG_WARN_CONSTANT_CONVERSION = YES;
				CLANG_WARN_DEPRECATED_OBJC_IMPLEMENTATIONS = YES;
				CLANG_WARN_DIRECT_OBJC_ISA_USAGE = YES_ERROR;
				CLANG_WARN_DOCUMENTATION_COMMENTS = YES;
				CLANG_WARN_EMPTY_BODY = YES;
				CLANG_WARN_ENUM_CONVERSION = YES;
				CLANG_WARN_INFINITE_RECURSION = YES;
				CLANG_WARN_INT_CONVERSION = YES;
				CLANG_WARN_NON_LITERAL_NULL_CONVERSION = YES;
				CLANG_WARN_OBJC_IMPLICIT_RETAIN_SELF = YES;
				CLANG_WARN_OBJC_LITERAL_CONVERSION = YES;
				CLANG_WARN_OBJC_ROOT_CLASS = YES_ERROR;
				CLANG_WARN_RANGE_LOOP_ANALYSIS = YES;
				CLANG_WARN_STRICT_PROTOTYPES = YES;
				CLANG_WARN_SUSPICIOUS_MOVE = YES;
				CLANG_WARN_UNGUARDED_AVAILABILITY = YES_AGGRESSIVE;
				CLANG_WARN_UNREACHABLE_CODE = YES;
				CLANG_WARN__DUPLICATE_METHOD_MATCH = YES;
				CODE_SIGN_IDENTITY = "iPhone Developer";
				COPY_PHASE_STRIP = NO;
				DEBUG_INFORMATION_FORMAT = dwarf;
				ENABLE_STRICT_OBJC_MSGSEND = YES;
				ENABLE_TESTABILITY = YES;
				GCC_C_LANGUAGE_STANDARD = gnu11;
				GCC_DYNAMIC_NO_PIC = NO;
				GCC_NO_COMMON_BLOCKS = YES;
				GCC_OPTIMIZATION_LEVEL = 0;
				GCC_PREPROCESSOR_DEFINITIONS = (
					"DEBUG=1",
					"$(inherited)",
				);
				GCC_WARN_64_TO_32_BIT_CONVERSION = YES;
				GCC_WARN_ABOUT_RETURN_TYPE = YES_ERROR;
				GCC_WARN_UNDECLARED_SELECTOR = YES;
				GCC_WARN_UNINITIALIZED_AUTOS = YES_AGGRESSIVE;
				GCC_WARN_UNUSED_FUNCTION = YES;
				GCC_WARN_UNUSED_VARIABLE = YES;
				IPHONEOS_DEPLOYMENT_TARGET = 11.4;
				MTL_ENABLE_DEBUG_INFO = YES;
				ONLY_ACTIVE_ARCH = YES;
				SDKROOT = iphoneos;
				SWIFT_ACTIVE_COMPILATION_CONDITIONS = DEBUG;
				SWIFT_OPTIMIZATION_LEVEL = "-Onone";
			};
			name = Debug;
		};
		E3FFCF162116170900E098EE /* Release */ = {
			isa = XCBuildConfiguration;
			buildSettings = {
				ALWAYS_SEARCH_USER_PATHS = NO;
				CLANG_ANALYZER_NONNULL = YES;
				CLANG_ANALYZER_NUMBER_OBJECT_CONVERSION = YES_AGGRESSIVE;
				CLANG_CXX_LANGUAGE_STANDARD = "gnu++14";
				CLANG_CXX_LIBRARY = "libc++";
				CLANG_ENABLE_MODULES = YES;
				CLANG_ENABLE_OBJC_ARC = YES;
				CLANG_ENABLE_OBJC_WEAK = YES;
				CLANG_WARN_BLOCK_CAPTURE_AUTORELEASING = YES;
				CLANG_WARN_BOOL_CONVERSION = YES;
				CLANG_WARN_COMMA = YES;
				CLANG_WARN_CONSTANT_CONVERSION = YES;
				CLANG_WARN_DEPRECATED_OBJC_IMPLEMENTATIONS = YES;
				CLANG_WARN_DIRECT_OBJC_ISA_USAGE = YES_ERROR;
				CLANG_WARN_DOCUMENTATION_COMMENTS = YES;
				CLANG_WARN_EMPTY_BODY = YES;
				CLANG_WARN_ENUM_CONVERSION = YES;
				CLANG_WARN_INFINITE_RECURSION = YES;
				CLANG_WARN_INT_CONVERSION = YES;
				CLANG_WARN_NON_LITERAL_NULL_CONVERSION = YES;
				CLANG_WARN_OBJC_IMPLICIT_RETAIN_SELF = YES;
				CLANG_WARN_OBJC_LITERAL_CONVERSION = YES;
				CLANG_WARN_OBJC_ROOT_CLASS = YES_ERROR;
				CLANG_WARN_RANGE_LOOP_ANALYSIS = YES;
				CLANG_WARN_STRICT_PROTOTYPES = YES;
				CLANG_WARN_SUSPICIOUS_MOVE = YES;
				CLANG_WARN_UNGUARDED_AVAILABILITY = YES_AGGRESSIVE;
				CLANG_WARN_UNREACHABLE_CODE = YES;
				CLANG_WARN__DUPLICATE_METHOD_MATCH = YES;
				CODE_SIGN_IDENTITY = "iPhone Developer";
				COPY_PHASE_STRIP = NO;
				DEBUG_INFORMATION_FORMAT = "dwarf-with-dsym";
				ENABLE_NS_ASSERTIONS = NO;
				ENABLE_STRICT_OBJC_MSGSEND = YES;
				GCC_C_LANGUAGE_STANDARD = gnu11;
				GCC_NO_COMMON_BLOCKS = YES;
				GCC_WARN_64_TO_32_BIT_CONVERSION = YES;
				GCC_WARN_ABOUT_RETURN_TYPE = YES_ERROR;
				GCC_WARN_UNDECLARED_SELECTOR = YES;
				GCC_WARN_UNINITIALIZED_AUTOS = YES_AGGRESSIVE;
				GCC_WARN_UNUSED_FUNCTION = YES;
				GCC_WARN_UNUSED_VARIABLE = YES;
				IPHONEOS_DEPLOYMENT_TARGET = 11.4;
				MTL_ENABLE_DEBUG_INFO = NO;
				SDKROOT = iphoneos;
				SWIFT_COMPILATION_MODE = wholemodule;
				SWIFT_OPTIMIZATION_LEVEL = "-O";
				VALIDATE_PRODUCT = YES;
			};
			name = Release;
		};
		E3FFCF182116170900E098EE /* Debug */ = {
			isa = XCBuildConfiguration;
			buildSettings = {
				ASSETCATALOG_COMPILER_APPICON_NAME = AppIcon;
				CODE_SIGN_STYLE = Automatic;
				DEVELOPMENT_TEAM = MG3SWKAT37;
				INFOPLIST_FILE = TenZenApp/Info.plist;
				LD_RUNPATH_SEARCH_PATHS = (
					"$(inherited)",
					"@executable_path/Frameworks",
				);
				PRODUCT_BUNDLE_IDENTIFIER = com.TenZenApp;
				PRODUCT_NAME = "$(TARGET_NAME)";
				SWIFT_VERSION = 4.0;
				TARGETED_DEVICE_FAMILY = "1,2";
			};
			name = Debug;
		};
		E3FFCF192116170900E098EE /* Release */ = {
			isa = XCBuildConfiguration;
			buildSettings = {
				ASSETCATALOG_COMPILER_APPICON_NAME = AppIcon;
				CODE_SIGN_STYLE = Automatic;
				DEVELOPMENT_TEAM = MG3SWKAT37;
				INFOPLIST_FILE = TenZenApp/Info.plist;
				LD_RUNPATH_SEARCH_PATHS = (
					"$(inherited)",
					"@executable_path/Frameworks",
				);
				PRODUCT_BUNDLE_IDENTIFIER = com.TenZenApp;
				PRODUCT_NAME = "$(TARGET_NAME)";
				SWIFT_VERSION = 4.0;
				TARGETED_DEVICE_FAMILY = "1,2";
			};
			name = Release;
		};
		E3FFCF1B2116170900E098EE /* Debug */ = {
			isa = XCBuildConfiguration;
			buildSettings = {
				ALWAYS_EMBED_SWIFT_STANDARD_LIBRARIES = YES;
				BUNDLE_LOADER = "$(TEST_HOST)";
				CODE_SIGN_STYLE = Automatic;
				DEVELOPMENT_TEAM = MG3SWKAT37;
				INFOPLIST_FILE = TenZenAppTests/Info.plist;
				LD_RUNPATH_SEARCH_PATHS = (
					"$(inherited)",
					"@executable_path/Frameworks",
					"@loader_path/Frameworks",
				);
				PRODUCT_BUNDLE_IDENTIFIER = com.TenZenAppTests;
				PRODUCT_NAME = "$(TARGET_NAME)";
				SWIFT_VERSION = 4.0;
				TARGETED_DEVICE_FAMILY = "1,2";
				TEST_HOST = "$(BUILT_PRODUCTS_DIR)/TenZenApp.app/TenZenApp";
			};
			name = Debug;
		};
		E3FFCF1C2116170900E098EE /* Release */ = {
			isa = XCBuildConfiguration;
			buildSettings = {
				ALWAYS_EMBED_SWIFT_STANDARD_LIBRARIES = YES;
				BUNDLE_LOADER = "$(TEST_HOST)";
				CODE_SIGN_STYLE = Automatic;
				DEVELOPMENT_TEAM = MG3SWKAT37;
				INFOPLIST_FILE = TenZenAppTests/Info.plist;
				LD_RUNPATH_SEARCH_PATHS = (
					"$(inherited)",
					"@executable_path/Frameworks",
					"@loader_path/Frameworks",
				);
				PRODUCT_BUNDLE_IDENTIFIER = com.TenZenAppTests;
				PRODUCT_NAME = "$(TARGET_NAME)";
				SWIFT_VERSION = 4.0;
				TARGETED_DEVICE_FAMILY = "1,2";
				TEST_HOST = "$(BUILT_PRODUCTS_DIR)/TenZenApp.app/TenZenApp";
			};
			name = Release;
		};
		E3FFCF1E2116170900E098EE /* Debug */ = {
			isa = XCBuildConfiguration;
			buildSettings = {
				ALWAYS_EMBED_SWIFT_STANDARD_LIBRARIES = YES;
				CODE_SIGN_STYLE = Automatic;
				DEVELOPMENT_TEAM = MG3SWKAT37;
				INFOPLIST_FILE = TenZenAppUITests/Info.plist;
				LD_RUNPATH_SEARCH_PATHS = (
					"$(inherited)",
					"@executable_path/Frameworks",
					"@loader_path/Frameworks",
				);
				PRODUCT_BUNDLE_IDENTIFIER = com.TenZenAppUITests;
				PRODUCT_NAME = "$(TARGET_NAME)";
				SWIFT_VERSION = 4.0;
				TARGETED_DEVICE_FAMILY = "1,2";
				TEST_TARGET_NAME = TenZenApp;
			};
			name = Debug;
		};
		E3FFCF1F2116170900E098EE /* Release */ = {
			isa = XCBuildConfiguration;
			buildSettings = {
				ALWAYS_EMBED_SWIFT_STANDARD_LIBRARIES = YES;
				CODE_SIGN_STYLE = Automatic;
				DEVELOPMENT_TEAM = MG3SWKAT37;
				INFOPLIST_FILE = TenZenAppUITests/Info.plist;
				LD_RUNPATH_SEARCH_PATHS = (
					"$(inherited)",
					"@executable_path/Frameworks",
					"@loader_path/Frameworks",
				);
				PRODUCT_BUNDLE_IDENTIFIER = com.TenZenAppUITests;
				PRODUCT_NAME = "$(TARGET_NAME)";
				SWIFT_VERSION = 4.0;
				TARGETED_DEVICE_FAMILY = "1,2";
				TEST_TARGET_NAME = TenZenApp;
			};
			name = Release;
		};
/* End XCBuildConfiguration section */

/* Begin XCConfigurationList section */
		E3FFCEEA2116170600E098EE /* Build configuration list for PBXProject "TenZenApp" */ = {
			isa = XCConfigurationList;
			buildConfigurations = (
				E3FFCF152116170900E098EE /* Debug */,
				E3FFCF162116170900E098EE /* Release */,
			);
			defaultConfigurationIsVisible = 0;
			defaultConfigurationName = Release;
		};
		E3FFCF172116170900E098EE /* Build configuration list for PBXNativeTarget "TenZenApp" */ = {
			isa = XCConfigurationList;
			buildConfigurations = (
				E3FFCF182116170900E098EE /* Debug */,
				E3FFCF192116170900E098EE /* Release */,
			);
			defaultConfigurationIsVisible = 0;
			defaultConfigurationName = Release;
		};
		E3FFCF1A2116170900E098EE /* Build configuration list for PBXNativeTarget "TenZenAppTests" */ = {
			isa = XCConfigurationList;
			buildConfigurations = (
				E3FFCF1B2116170900E098EE /* Debug */,
				E3FFCF1C2116170900E098EE /* Release */,
			);
			defaultConfigurationIsVisible = 0;
			defaultConfigurationName = Release;
		};
		E3FFCF1D2116170900E098EE /* Build configuration list for PBXNativeTarget "TenZenAppUITests" */ = {
			isa = XCConfigurationList;
			buildConfigurations = (
				E3FFCF1E2116170900E098EE /* Debug */,
				E3FFCF1F2116170900E098EE /* Release */,
			);
			defaultConfigurationIsVisible = 0;
			defaultConfigurationName = Release;
		};
/* End XCConfigurationList section */
	};
	rootObject = E3FFCEE72116170600E098EE /* Project object */;
}
